// !$*UTF8*$!
{
	archiveVersion = 1;
	classes = {
	};
	objectVersion = 46;
	objects = {

/* Begin PBXBuildFile section */
		5B4FCC991CDAE1AB00C1D744 /* main.m in Sources */ = {isa = PBXBuildFile; fileRef = 5B4FCC981CDAE1AB00C1D744 /* main.m */; };
		5B4FCC9C1CDAE1AB00C1D744 /* AppDelegate.m in Sources */ = {isa = PBXBuildFile; fileRef = 5B4FCC9B1CDAE1AB00C1D744 /* AppDelegate.m */; };
		5B4FCC9E1CDAE1AB00C1D744 /* Assets.xcassets in Resources */ = {isa = PBXBuildFile; fileRef = 5B4FCC9D1CDAE1AB00C1D744 /* Assets.xcassets */; };
		5B4FCCA11CDAE1AB00C1D744 /* LaunchScreen.storyboard in Resources */ = {isa = PBXBuildFile; fileRef = 5B4FCC9F1CDAE1AB00C1D744 /* LaunchScreen.storyboard */; };
		5B4FCCAC1CDAE20C00C1D744 /* CommonAlert.m in Sources */ = {isa = PBXBuildFile; fileRef = 5B4FCCAB1CDAE20C00C1D744 /* CommonAlert.m */; };
		5B4FCCB01CDAE3F500C1D744 /* BaseViewController.m in Sources */ = {isa = PBXBuildFile; fileRef = 5B4FCCAF1CDAE3F500C1D744 /* BaseViewController.m */; };
/* End PBXBuildFile section */

/* Begin PBXFileReference section */
		5B4FCC941CDAE1AB00C1D744 /* iOS_DevTool.app */ = {isa = PBXFileReference; explicitFileType = wrapper.application; includeInIndex = 0; path = iOS_DevTool.app; sourceTree = BUILT_PRODUCTS_DIR; };
		5B4FCC981CDAE1AB00C1D744 /* main.m */ = {isa = PBXFileReference; lastKnownFileType = sourcecode.c.objc; path = main.m; sourceTree = "<group>"; };
		5B4FCC9A1CDAE1AB00C1D744 /* AppDelegate.h */ = {isa = PBXFileReference; lastKnownFileType = sourcecode.c.h; path = AppDelegate.h; sourceTree = "<group>"; };
		5B4FCC9B1CDAE1AB00C1D744 /* AppDelegate.m */ = {isa = PBXFileReference; lastKnownFileType = sourcecode.c.objc; path = AppDelegate.m; sourceTree = "<group>"; };
		5B4FCC9D1CDAE1AB00C1D744 /* Assets.xcassets */ = {isa = PBXFileReference; lastKnownFileType = folder.assetcatalog; path = Assets.xcassets; sourceTree = "<group>"; };
		5B4FCCA01CDAE1AB00C1D744 /* Base */ = {isa = PBXFileReference; lastKnownFileType = file.storyboard; name = Base; path = Base.lproj/LaunchScreen.storyboard; sourceTree = "<group>"; };
		5B4FCCA21CDAE1AB00C1D744 /* Info.plist */ = {isa = PBXFileReference; lastKnownFileType = text.plist.xml; path = Info.plist; sourceTree = "<group>"; };
		5B4FCCAA1CDAE20C00C1D744 /* CommonAlert.h */ = {isa = PBXFileReference; fileEncoding = 4; lastKnownFileType = sourcecode.c.h; path = CommonAlert.h; sourceTree = "<group>"; };
		5B4FCCAB1CDAE20C00C1D744 /* CommonAlert.m */ = {isa = PBXFileReference; fileEncoding = 4; lastKnownFileType = sourcecode.c.objc; path = CommonAlert.m; sourceTree = "<group>"; };
		5B4FCCAE1CDAE3F500C1D744 /* BaseViewController.h */ = {isa = PBXFileReference; fileEncoding = 4; lastKnownFileType = sourcecode.c.h; path = BaseViewController.h; sourceTree = "<group>"; };
		5B4FCCAF1CDAE3F500C1D744 /* BaseViewController.m */ = {isa = PBXFileReference; fileEncoding = 4; lastKnownFileType = sourcecode.c.objc; path = BaseViewController.m; sourceTree = "<group>"; };
/* End PBXFileReference section */

/* Begin PBXFrameworksBuildPhase section */
		5B4FCC911CDAE1AB00C1D744 /* Frameworks */ = {
			isa = PBXFrameworksBuildPhase;
			buildActionMask = 2147483647;
			files = (
			);
			runOnlyForDeploymentPostprocessing = 0;
		};
/* End PBXFrameworksBuildPhase section */

/* Begin PBXGroup section */
		5B4FCC8B1CDAE1AB00C1D744 = {
			isa = PBXGroup;
			children = (
				5B4FCC961CDAE1AB00C1D744 /* iOS_DevTool */,
				5B4FCC951CDAE1AB00C1D744 /* Products */,
			);
			sourceTree = "<group>";
		};
		5B4FCC951CDAE1AB00C1D744 /* Products */ = {
			isa = PBXGroup;
			children = (
				5B4FCC941CDAE1AB00C1D744 /* iOS_DevTool.app */,
			);
			name = Products;
			sourceTree = "<group>";
		};
		5B4FCC961CDAE1AB00C1D744 /* iOS_DevTool */ = {
			isa = PBXGroup;
			children = (
				5B4FCCAD1CDAE3DE00C1D744 /* Class */,
				5B4FCCA91CDAE1E700C1D744 /* Util */,
				5B4FCC9A1CDAE1AB00C1D744 /* AppDelegate.h */,
				5B4FCC9B1CDAE1AB00C1D744 /* AppDelegate.m */,
				5B4FCC9D1CDAE1AB00C1D744 /* Assets.xcassets */,
				5B4FCC9F1CDAE1AB00C1D744 /* LaunchScreen.storyboard */,
				5B4FCCA21CDAE1AB00C1D744 /* Info.plist */,
				5B4FCC971CDAE1AB00C1D744 /* Supporting Files */,
			);
			path = iOS_DevTool;
			sourceTree = "<group>";
		};
		5B4FCC971CDAE1AB00C1D744 /* Supporting Files */ = {
			isa = PBXGroup;
			children = (
				5B4FCC981CDAE1AB00C1D744 /* main.m */,
			);
			name = "Supporting Files";
			sourceTree = "<group>";
		};
		5B4FCCA91CDAE1E700C1D744 /* Util */ = {
			isa = PBXGroup;
			children = (
				5B4FCCAA1CDAE20C00C1D744 /* CommonAlert.h */,
				5B4FCCAB1CDAE20C00C1D744 /* CommonAlert.m */,
			);
			path = Util;
			sourceTree = "<group>";
		};
		5B4FCCAD1CDAE3DE00C1D744 /* Class */ = {
			isa = PBXGroup;
			children = (
				5B4FCCAE1CDAE3F500C1D744 /* BaseViewController.h */,
				5B4FCCAF1CDAE3F500C1D744 /* BaseViewController.m */,
			);
			path = Class;
			sourceTree = "<group>";
		};
/* End PBXGroup section */

/* Begin PBXNativeTarget section */
		5B4FCC931CDAE1AB00C1D744 /* iOS_DevTool */ = {
			isa = PBXNativeTarget;
			buildConfigurationList = 5B4FCCA51CDAE1AB00C1D744 /* Build configuration list for PBXNativeTarget "iOS_DevTool" */;
			buildPhases = (
				5B4FCC901CDAE1AB00C1D744 /* Sources */,
				5B4FCC911CDAE1AB00C1D744 /* Frameworks */,
				5B4FCC921CDAE1AB00C1D744 /* Resources */,
			);
			buildRules = (
			);
			dependencies = (
			);
			name = iOS_DevTool;
			productName = iOS_DevTool;
			productReference = 5B4FCC941CDAE1AB00C1D744 /* iOS_DevTool.app */;
			productType = "com.apple.product-type.application";
		};
/* End PBXNativeTarget section */

/* Begin PBXProject section */
		5B4FCC8C1CDAE1AB00C1D744 /* Project object */ = {
			isa = PBXProject;
			attributes = {
				LastUpgradeCheck = 0730;
				ORGANIZATIONNAME = YYQ;
				TargetAttributes = {
					5B4FCC931CDAE1AB00C1D744 = {
						CreatedOnToolsVersion = 7.3;
					};
				};
			};
			buildConfigurationList = 5B4FCC8F1CDAE1AB00C1D744 /* Build configuration list for PBXProject "iOS_DevTool" */;
			compatibilityVersion = "Xcode 3.2";
			developmentRegion = English;
			hasScannedForEncodings = 0;
			knownRegions = (
				en,
				Base,
			);
			mainGroup = 5B4FCC8B1CDAE1AB00C1D744;
			productRefGroup = 5B4FCC951CDAE1AB00C1D744 /* Products */;
			projectDirPath = "";
			projectRoot = "";
			targets = (
				5B4FCC931CDAE1AB00C1D744 /* iOS_DevTool */,
			);
		};
/* End PBXProject section */

/* Begin PBXResourcesBuildPhase section */
		5B4FCC921CDAE1AB00C1D744 /* Resources */ = {
			isa = PBXResourcesBuildPhase;
			buildActionMask = 2147483647;
			files = (
				5B4FCC9E1CDAE1AB00C1D744 /* Assets.xcassets in Resources */,
				5B4FCCA11CDAE1AB00C1D744 /* LaunchScreen.storyboard in Resources */,
			);
			runOnlyForDeploymentPostprocessing = 0;
		};
/* End PBXResourcesBuildPhase section */

/* Begin PBXSourcesBuildPhase section */
		5B4FCC901CDAE1AB00C1D744 /* Sources */ = {
			isa = PBXSourcesBuildPhase;
			buildActionMask = 2147483647;
			files = (
				5B4FCC9C1CDAE1AB00C1D744 /* AppDelegate.m in Sources */,
				5B4FCCB01CDAE3F500C1D744 /* BaseViewController.m in Sources */,
				5B4FCCAC1CDAE20C00C1D744 /* CommonAlert.m in Sources */,
				5B4FCC991CDAE1AB00C1D744 /* main.m in Sources */,
			);
			runOnlyForDeploymentPostprocessing = 0;
		};
/* End PBXSourcesBuildPhase section */

/* Begin PBXVariantGroup section */
		5B4FCC9F1CDAE1AB00C1D744 /* LaunchScreen.storyboard */ = {
			isa = PBXVariantGroup;
			children = (
				5B4FCCA01CDAE1AB00C1D744 /* Base */,
			);
			name = LaunchScreen.storyboard;
			sourceTree = "<group>";
		};
/* End PBXVariantGroup section */

/* Begin XCBuildConfiguration section */
		5B4FCCA31CDAE1AB00C1D744 /* Debug */ = {
			isa = XCBuildConfiguration;
			buildSettings = {
				ALWAYS_SEARCH_USER_PATHS = NO;
				CLANG_ANALYZER_NONNULL = YES;
				CLANG_CXX_LANGUAGE_STANDARD = "gnu++0x";
				CLANG_CXX_LIBRARY = "libc++";
				CLANG_ENABLE_MODULES = YES;
				CLANG_ENABLE_OBJC_ARC = YES;
				CLANG_WARN_BOOL_CONVERSION = YES;
				CLANG_WARN_CONSTANT_CONVERSION = YES;
				CLANG_WARN_DIRECT_OBJC_ISA_USAGE = YES_ERROR;
				CLANG_WARN_EMPTY_BODY = YES;
				CLANG_WARN_ENUM_CONVERSION = YES;
				CLANG_WARN_INT_CONVERSION = YES;
				CLANG_WARN_OBJC_ROOT_CLASS = YES_ERROR;
				CLANG_WARN_UNREACHABLE_CODE = YES;
				CLANG_WARN__DUPLICATE_METHOD_MATCH = YES;
				"CODE_SIGN_IDENTITY[sdk=iphoneos*]" = "iPhone Developer";
				COPY_PHASE_STRIP = NO;
				DEBUG_INFORMATION_FORMAT = dwarf;
				ENABLE_STRICT_OBJC_MSGSEND = YES;
				ENABLE_TESTABILITY = YES;
				GCC_C_LANGUAGE_STANDARD = gnu99;
				GCC_DYNAMIC_NO_PIC = NO;
				GCC_NO_COMMON_BLOCKS = YES;
				GCC_OPTIMIZATION_LEVEL = 0;
				GCC_PREPROCESSOR_DEFINITIONS = (
					"DEBUG=1",
					"$(inherited)",
				);
				GCC_WARN_64_TO_32_BIT_CONVERSION = YES;
				GCC_WARN_ABOUT_RETURN_TYPE = YES_ERROR;
				GCC_WARN_UNDECLARED_SELECTOR = YES;
				GCC_WARN_UNINITIALIZED_AUTOS = YES_AGGRESSIVE;
				GCC_WARN_UNUSED_FUNCTION = YES;
				GCC_WARN_UNUSED_VARIABLE = YES;
				IPHONEOS_DEPLOYMENT_TARGET = 9.3;
				MTL_ENABLE_DEBUG_INFO = YES;
				ONLY_ACTIVE_ARCH = YES;
				SDKROOT = iphoneos;
			};
			name = Debug;
		};
		5B4FCCA41CDAE1AB00C1D744 /* Release */ = {
			isa = XCBuildConfiguration;
			buildSettings = {
				ALWAYS_SEARCH_USER_PATHS = NO;
				CLANG_ANALYZER_NONNULL = YES;
				CLANG_CXX_LANGUAGE_STANDARD = "gnu++0x";
				CLANG_CXX_LIBRARY = "libc++";
				CLANG_ENABLE_MODULES = YES;
				CLANG_ENABLE_OBJC_ARC = YES;
				CLANG_WARN_BOOL_CONVERSION = YES;
				CLANG_WARN_CONSTANT_CONVERSION = YES;
				CLANG_WARN_DIRECT_OBJC_ISA_USAGE = YES_ERROR;
				CLANG_WARN_EMPTY_BODY = YES;
				CLANG_WARN_ENUM_CONVERSION = YES;
				CLANG_WARN_INT_CONVERSION = YES;
				CLANG_WARN_OBJC_ROOT_CLASS = YES_ERROR;
				CLANG_WARN_UNREACHABLE_CODE = YES;
				CLANG_WARN__DUPLICATE_METHOD_MATCH = YES;
				"CODE_SIGN_IDENTITY[sdk=iphoneos*]" = "iPhone Developer";
				COPY_PHASE_STRIP = NO;
				DEBUG_INFORMATION_FORMAT = "dwarf-with-dsym";
				ENABLE_NS_ASSERTIONS = NO;
				ENABLE_STRICT_OBJC_MSGSEND = YES;
				GCC_C_LANGUAGE_STANDARD = gnu99;
				GCC_NO_COMMON_BLOCKS = YES;
				GCC_WARN_64_TO_32_BIT_CONVERSION = YES;
				GCC_WARN_ABOUT_RETURN_TYPE = YES_ERROR;
				GCC_WARN_UNDECLARED_SELECTOR = YES;
				GCC_WARN_UNINITIALIZED_AUTOS = YES_AGGRESSIVE;
				GCC_WARN_UNUSED_FUNCTION = YES;
				GCC_WARN_UNUSED_VARIABLE = YES;
				IPHONEOS_DEPLOYMENT_TARGET = 9.3;
				MTL_ENABLE_DEBUG_INFO = NO;
				SDKROOT = iphoneos;
				VALIDATE_PRODUCT = YES;
			};
			name = Release;
		};
		5B4FCCA61CDAE1AB00C1D744 /* Debug */ = {
			isa = XCBuildConfiguration;
			buildSettings = {
				ASSETCATALOG_COMPILER_APPICON_NAME = AppIcon;
				INFOPLIST_FILE = iOS_DevTool/Info.plist;
				IPHONEOS_DEPLOYMENT_TARGET = 7.0;
				LD_RUNPATH_SEARCH_PATHS = "$(inherited) @executable_path/Frameworks";
				PRODUCT_BUNDLE_IDENTIFIER = "com.yyq.iOS-DevTool";
				PRODUCT_NAME = "$(TARGET_NAME)";
			};
			name = Debug;
		};
		5B4FCCA71CDAE1AB00C1D744 /* Release */ = {
			isa = XCBuildConfiguration;
			buildSettings = {
				ASSETCATALOG_COMPILER_APPICON_NAME = AppIcon;
				INFOPLIST_FILE = iOS_DevTool/Info.plist;
				IPHONEOS_DEPLOYMENT_TARGET = 7.0;
				LD_RUNPATH_SEARCH_PATHS = "$(inherited) @executable_path/Frameworks";
				PRODUCT_BUNDLE_IDENTIFIER = "com.yyq.iOS-DevTool";
				PRODUCT_NAME = "$(TARGET_NAME)";
			};
			name = Release;
		};
/* End XCBuildConfiguration section */

/* Begin XCConfigurationList section */
		5B4FCC8F1CDAE1AB00C1D744 /* Build configuration list for PBXProject "iOS_DevTool" */ = {
			isa = XCConfigurationList;
			buildConfigurations = (
				5B4FCCA31CDAE1AB00C1D744 /* Debug */,
				5B4FCCA41CDAE1AB00C1D744 /* Release */,
			);
			defaultConfigurationIsVisible = 0;
			defaultConfigurationName = Release;
		};
		5B4FCCA51CDAE1AB00C1D744 /* Build configuration list for PBXNativeTarget "iOS_DevTool" */ = {
			isa = XCConfigurationList;
			buildConfigurations = (
				5B4FCCA61CDAE1AB00C1D744 /* Debug */,
				5B4FCCA71CDAE1AB00C1D744 /* Release */,
			);
			defaultConfigurationIsVisible = 0;
		};
/* End XCConfigurationList section */
	};
	rootObject = 5B4FCC8C1CDAE1AB00C1D744 /* Project object */;
}
